
Microsoft Visual Studio Solution File, Format Version 12.00
# Visual Studio Version 16
VisualStudioVersion = 16.0.31702.278
MinimumVisualStudioVersion = 10.0.40219.1
Project("{FAE04EC0-301F-11D3-BF4B-00C04F79EFBC}") = "TheCashierAP", "TheCashierAP\TheCashierAP.csproj", "{1971827C-E2BE-4F61-8992-A1679F5CD7FF}"
EndProject
Global
	GlobalSection(SolutionConfigurationPlatforms) = preSolution
		Debug|Any CPU = Debug|Any CPU
		Release|Any CPU = Release|Any CPU
	EndGlobalSection
	GlobalSection(ProjectConfigurationPlatforms) = postSolution
		{1971827C-E2BE-4F61-8992-A1679F5CD7FF}.Debug|Any CPU.ActiveCfg = Debug|Any CPU
		{1971827C-E2BE-4F61-8992-A1679F5CD7FF}.Debug|Any CPU.Build.0 = Debug|Any CPU
		{1971827C-E2BE-4F61-8992-A1679F5CD7FF}.Release|Any CPU.ActiveCfg = Release|Any CPU
		{1971827C-E2BE-4F61-8992-A1679F5CD7FF}.Release|Any CPU.Build.0 = Release|Any CPU
	EndGlobalSection
	GlobalSection(SolutionProperties) = preSolution
		HideSolutionNode = FALSE
	EndGlobalSection
	GlobalSection(ExtensibilityGlobals) = postSolution
		SolutionGuid = {90E2105D-9F6B-4F77-B898-427A34BA18D6}
	EndGlobalSection
EndGlobal
